// !$*UTF8*$!
{
	archiveVersion = 1;
	classes = {
	};
	objectVersion = 46;
	objects = {

/* Begin PBXBuildFile section */
		DB8E3F121C82FE0900D8B014 /* AppDelegate.swift in Sources */ = {isa = PBXBuildFile; fileRef = DB8E3F111C82FE0900D8B014 /* AppDelegate.swift */; };
		DB8E3F141C82FE0900D8B014 /* ViewController.swift in Sources */ = {isa = PBXBuildFile; fileRef = DB8E3F131C82FE0900D8B014 /* ViewController.swift */; };
		DB8E3F171C82FE0900D8B014 /* Main.storyboard in Resources */ = {isa = PBXBuildFile; fileRef = DB8E3F151C82FE0900D8B014 /* Main.storyboard */; };
		DB8E3F191C82FE0900D8B014 /* Assets.xcassets in Resources */ = {isa = PBXBuildFile; fileRef = DB8E3F181C82FE0900D8B014 /* Assets.xcassets */; };
		DB8E3F1C1C82FE0900D8B014 /* LaunchScreen.storyboard in Resources */ = {isa = PBXBuildFile; fileRef = DB8E3F1A1C82FE0900D8B014 /* LaunchScreen.storyboard */; };
		DB8E3F251C83002E00D8B014 /* ViewControllerLeft.swift in Sources */ = {isa = PBXBuildFile; fileRef = DB8E3F231C83002E00D8B014 /* ViewControllerLeft.swift */; };
		DB8E3F261C83002E00D8B014 /* ViewControllerLeft.xib in Resources */ = {isa = PBXBuildFile; fileRef = DB8E3F241C83002E00D8B014 /* ViewControllerLeft.xib */; };
		DB8E3F291C83003F00D8B014 /* ViewControllerRight.swift in Sources */ = {isa = PBXBuildFile; fileRef = DB8E3F271C83003F00D8B014 /* ViewControllerRight.swift */; };
		DB8E3F2A1C83003F00D8B014 /* ViewControllerRight.xib in Resources */ = {isa = PBXBuildFile; fileRef = DB8E3F281C83003F00D8B014 /* ViewControllerRight.xib */; };
		DB8E3F2D1C8303ED00D8B014 /* ViewControllerMiddle.swift in Sources */ = {isa = PBXBuildFile; fileRef = DB8E3F2B1C8303ED00D8B014 /* ViewControllerMiddle.swift */; };
		DB8E3F2E1C8303ED00D8B014 /* ViewControllerMiddle.xib in Resources */ = {isa = PBXBuildFile; fileRef = DB8E3F2C1C8303ED00D8B014 /* ViewControllerMiddle.xib */; };
/* End PBXBuildFile section */

/* Begin PBXFileReference section */
		DB8E3F0E1C82FE0900D8B014 /* SnapchatClone.app */ = {isa = PBXFileReference; explicitFileType = wrapper.application; includeInIndex = 0; path = SnapchatClone.app; sourceTree = BUILT_PRODUCTS_DIR; };
		DB8E3F111C82FE0900D8B014 /* AppDelegate.swift */ = {isa = PBXFileReference; lastKnownFileType = sourcecode.swift; path = AppDelegate.swift; sourceTree = "<group>"; };
		DB8E3F131C82FE0900D8B014 /* ViewController.swift */ = {isa = PBXFileReference; lastKnownFileType = sourcecode.swift; path = ViewController.swift; sourceTree = "<group>"; };
		DB8E3F161C82FE0900D8B014 /* Base */ = {isa = PBXFileReference; lastKnownFileType = file.storyboard; name = Base; path = Base.lproj/Main.storyboard; sourceTree = "<group>"; };
		DB8E3F181C82FE0900D8B014 /* Assets.xcassets */ = {isa = PBXFileReference; lastKnownFileType = folder.assetcatalog; path = Assets.xcassets; sourceTree = "<group>"; };
		DB8E3F1B1C82FE0900D8B014 /* Base */ = {isa = PBXFileReference; lastKnownFileType = file.storyboard; name = Base; path = Base.lproj/LaunchScreen.storyboard; sourceTree = "<group>"; };
		DB8E3F1D1C82FE0900D8B014 /* Info.plist */ = {isa = PBXFileReference; lastKnownFileType = text.plist.xml; path = Info.plist; sourceTree = "<group>"; };
		DB8E3F231C83002E00D8B014 /* ViewControllerLeft.swift */ = {isa = PBXFileReference; fileEncoding = 4; lastKnownFileType = sourcecode.swift; path = ViewControllerLeft.swift; sourceTree = "<group>"; };
		DB8E3F241C83002E00D8B014 /* ViewControllerLeft.xib */ = {isa = PBXFileReference; fileEncoding = 4; lastKnownFileType = file.xib; path = ViewControllerLeft.xib; sourceTree = "<group>"; };
		DB8E3F271C83003F00D8B014 /* ViewControllerRight.swift */ = {isa = PBXFileReference; fileEncoding = 4; lastKnownFileType = sourcecode.swift; path = ViewControllerRight.swift; sourceTree = "<group>"; };
		DB8E3F281C83003F00D8B014 /* ViewControllerRight.xib */ = {isa = PBXFileReference; fileEncoding = 4; lastKnownFileType = file.xib; path = ViewControllerRight.xib; sourceTree = "<group>"; };
		DB8E3F2B1C8303ED00D8B014 /* ViewControllerMiddle.swift */ = {isa = PBXFileReference; fileEncoding = 4; lastKnownFileType = sourcecode.swift; path = ViewControllerMiddle.swift; sourceTree = "<group>"; };
		DB8E3F2C1C8303ED00D8B014 /* ViewControllerMiddle.xib */ = {isa = PBXFileReference; fileEncoding = 4; lastKnownFileType = file.xib; path = ViewControllerMiddle.xib; sourceTree = "<group>"; };
/* End PBXFileReference section */

/* Begin PBXFrameworksBuildPhase section */
		DB8E3F0B1C82FE0800D8B014 /* Frameworks */ = {
			isa = PBXFrameworksBuildPhase;
			buildActionMask = 2147483647;
			files = (
			);
			runOnlyForDeploymentPostprocessing = 0;
		};
/* End PBXFrameworksBuildPhase section */

/* Begin PBXGroup section */
		DB8E3F051C82FE0800D8B014 = {
			isa = PBXGroup;
			children = (
				DB8E3F101C82FE0900D8B014 /* SnapchatClone */,
				DB8E3F0F1C82FE0900D8B014 /* Products */,
			);
			sourceTree = "<group>";
		};
		DB8E3F0F1C82FE0900D8B014 /* Products */ = {
			isa = PBXGroup;
			children = (
				DB8E3F0E1C82FE0900D8B014 /* SnapchatClone.app */,
			);
			name = Products;
			sourceTree = "<group>";
		};
		DB8E3F101C82FE0900D8B014 /* SnapchatClone */ = {
			isa = PBXGroup;
			children = (
				DB8E3F111C82FE0900D8B014 /* AppDelegate.swift */,
				DB8E3F131C82FE0900D8B014 /* ViewController.swift */,
				DB8E3F2B1C8303ED00D8B014 /* ViewControllerMiddle.swift */,
				DB8E3F2C1C8303ED00D8B014 /* ViewControllerMiddle.xib */,
				DB8E3F271C83003F00D8B014 /* ViewControllerRight.swift */,
				DB8E3F281C83003F00D8B014 /* ViewControllerRight.xib */,
				DB8E3F231C83002E00D8B014 /* ViewControllerLeft.swift */,
				DB8E3F241C83002E00D8B014 /* ViewControllerLeft.xib */,
				DB8E3F151C82FE0900D8B014 /* Main.storyboard */,
				DB8E3F181C82FE0900D8B014 /* Assets.xcassets */,
				DB8E3F1A1C82FE0900D8B014 /* LaunchScreen.storyboard */,
				DB8E3F1D1C82FE0900D8B014 /* Info.plist */,
			);
			path = SnapchatClone;
			sourceTree = "<group>";
		};
/* End PBXGroup section */

/* Begin PBXNativeTarget section */
		DB8E3F0D1C82FE0800D8B014 /* SnapchatClone */ = {
			isa = PBXNativeTarget;
			buildConfigurationList = DB8E3F201C82FE0900D8B014 /* Build configuration list for PBXNativeTarget "SnapchatClone" */;
			buildPhases = (
				DB8E3F0A1C82FE0800D8B014 /* Sources */,
				DB8E3F0B1C82FE0800D8B014 /* Frameworks */,
				DB8E3F0C1C82FE0800D8B014 /* Resources */,
			);
			buildRules = (
			);
			dependencies = (
			);
			name = SnapchatClone;
			productName = SnapchatClone;
			productReference = DB8E3F0E1C82FE0900D8B014 /* SnapchatClone.app */;
			productType = "com.apple.product-type.application";
		};
/* End PBXNativeTarget section */

/* Begin PBXProject section */
		DB8E3F061C82FE0800D8B014 /* Project object */ = {
			isa = PBXProject;
			attributes = {
				LastSwiftUpdateCheck = 0720;
				LastUpgradeCheck = 0720;
				ORGANIZATIONNAME = "Edouard Jamin";
				TargetAttributes = {
					DB8E3F0D1C82FE0800D8B014 = {
						CreatedOnToolsVersion = 7.2.1;
						DevelopmentTeam = 8Y6CBMCLSD;
					};
				};
			};
			buildConfigurationList = DB8E3F091C82FE0800D8B014 /* Build configuration list for PBXProject "SnapchatClone" */;
			compatibilityVersion = "Xcode 3.2";
			developmentRegion = English;
			hasScannedForEncodings = 0;
			knownRegions = (
				en,
				Base,
			);
			mainGroup = DB8E3F051C82FE0800D8B014;
			productRefGroup = DB8E3F0F1C82FE0900D8B014 /* Products */;
			projectDirPath = "";
			projectRoot = "";
			targets = (
				DB8E3F0D1C82FE0800D8B014 /* SnapchatClone */,
			);
		};
/* End PBXProject section */

/* Begin PBXResourcesBuildPhase section */
		DB8E3F0C1C82FE0800D8B014 /* Resources */ = {
			isa = PBXResourcesBuildPhase;
			buildActionMask = 2147483647;
			files = (
				DB8E3F1C1C82FE0900D8B014 /* LaunchScreen.storyboard in Resources */,
				DB8E3F2E1C8303ED00D8B014 /* ViewControllerMiddle.xib in Resources */,
				DB8E3F261C83002E00D8B014 /* ViewControllerLeft.xib in Resources */,
				DB8E3F191C82FE0900D8B014 /* Assets.xcassets in Resources */,
				DB8E3F2A1C83003F00D8B014 /* ViewControllerRight.xib in Resources */,
				DB8E3F171C82FE0900D8B014 /* Main.storyboard in Resources */,
			);
			runOnlyForDeploymentPostprocessing = 0;
		};
/* End PBXResourcesBuildPhase section */

/* Begin PBXSourcesBuildPhase section */
		DB8E3F0A1C82FE0800D8B014 /* Sources */ = {
			isa = PBXSourcesBuildPhase;
			buildActionMask = 2147483647;
			files = (
				DB8E3F141C82FE0900D8B014 /* ViewController.swift in Sources */,
				DB8E3F291C83003F00D8B014 /* ViewControllerRight.swift in Sources */,
				DB8E3F2D1C8303ED00D8B014 /* ViewControllerMiddle.swift in Sources */,
				DB8E3F121C82FE0900D8B014 /* AppDelegate.swift in Sources */,
				DB8E3F251C83002E00D8B014 /* ViewControllerLeft.swift in Sources */,
			);
			runOnlyForDeploymentPostprocessing = 0;
		};
/* End PBXSourcesBuildPhase section */

/* Begin PBXVariantGroup section */
		DB8E3F151C82FE0900D8B014 /* Main.storyboard */ = {
			isa = PBXVariantGroup;
			children = (
				DB8E3F161C82FE0900D8B014 /* Base */,
			);
			name = Main.storyboard;
			sourceTree = "<group>";
		};
		DB8E3F1A1C82FE0900D8B014 /* LaunchScreen.storyboard */ = {
			isa = PBXVariantGroup;
			children = (
				DB8E3F1B1C82FE0900D8B014 /* Base */,
			);
			name = LaunchScreen.storyboard;
			sourceTree = "<group>";
		};
/* End PBXVariantGroup section */

/* Begin XCBuildConfiguration section */
		DB8E3F1E1C82FE0900D8B014 /* Debug */ = {
			isa = XCBuildConfiguration;
			buildSettings = {
				ALWAYS_SEARCH_USER_PATHS = NO;
				CLANG_CXX_LANGUAGE_STANDARD = "gnu++0x";
				CLANG_CXX_LIBRARY = "libc++";
				CLANG_ENABLE_MODULES = YES;
				CLANG_ENABLE_OBJC_ARC = YES;
				CLANG_WARN_BOOL_CONVERSION = YES;
				CLANG_WARN_CONSTANT_CONVERSION = YES;
				CLANG_WARN_DIRECT_OBJC_ISA_USAGE = YES_ERROR;
				CLANG_WARN_EMPTY_BODY = YES;
				CLANG_WARN_ENUM_CONVERSION = YES;
				CLANG_WARN_INT_CONVERSION = YES;
				CLANG_WARN_OBJC_ROOT_CLASS = YES_ERROR;
				CLANG_WARN_UNREACHABLE_CODE = YES;
				CLANG_WARN__DUPLICATE_METHOD_MATCH = YES;
				"CODE_SIGN_IDENTITY[sdk=iphoneos*]" = "iPhone Developer";
				COPY_PHASE_STRIP = NO;
				DEBUG_INFORMATION_FORMAT = dwarf;
				ENABLE_STRICT_OBJC_MSGSEND = YES;
				ENABLE_TESTABILITY = YES;
				GCC_C_LANGUAGE_STANDARD = gnu99;
				GCC_DYNAMIC_NO_PIC = NO;
				GCC_NO_COMMON_BLOCKS = YES;
				GCC_OPTIMIZATION_LEVEL = 0;
				GCC_PREPROCESSOR_DEFINITIONS = (
					"DEBUG=1",
					"$(inherited)",
				);
				GCC_WARN_64_TO_32_BIT_CONVERSION = YES;
				GCC_WARN_ABOUT_RETURN_TYPE = YES_ERROR;
				GCC_WARN_UNDECLARED_SELECTOR = YES;
				GCC_WARN_UNINITIALIZED_AUTOS = YES_AGGRESSIVE;
				GCC_WARN_UNUSED_FUNCTION = YES;
				GCC_WARN_UNUSED_VARIABLE = YES;
				IPHONEOS_DEPLOYMENT_TARGET = 9.2;
				MTL_ENABLE_DEBUG_INFO = YES;
				ONLY_ACTIVE_ARCH = YES;
				SDKROOT = iphoneos;
				SWIFT_OPTIMIZATION_LEVEL = "-Onone";
			};
			name = Debug;
		};
		DB8E3F1F1C82FE0900D8B014 /* Release */ = {
			isa = XCBuildConfiguration;
			buildSettings = {
				ALWAYS_SEARCH_USER_PATHS = NO;
				CLANG_CXX_LANGUAGE_STANDARD = "gnu++0x";
				CLANG_CXX_LIBRARY = "libc++";
				CLANG_ENABLE_MODULES = YES;
				CLANG_ENABLE_OBJC_ARC = YES;
				CLANG_WARN_BOOL_CONVERSION = YES;
				CLANG_WARN_CONSTANT_CONVERSION = YES;
				CLANG_WARN_DIRECT_OBJC_ISA_USAGE = YES_ERROR;
				CLANG_WARN_EMPTY_BODY = YES;
				CLANG_WARN_ENUM_CONVERSION = YES;
				CLANG_WARN_INT_CONVERSION = YES;
				CLANG_WARN_OBJC_ROOT_CLASS = YES_ERROR;
				CLANG_WARN_UNREACHABLE_CODE = YES;
				CLANG_WARN__DUPLICATE_METHOD_MATCH = YES;
				"CODE_SIGN_IDENTITY[sdk=iphoneos*]" = "iPhone Developer";
				COPY_PHASE_STRIP = NO;
				DEBUG_INFORMATION_FORMAT = "dwarf-with-dsym";
				ENABLE_NS_ASSERTIONS = NO;
				ENABLE_STRICT_OBJC_MSGSEND = YES;
				GCC_C_LANGUAGE_STANDARD = gnu99;
				GCC_NO_COMMON_BLOCKS = YES;
				GCC_WARN_64_TO_32_BIT_CONVERSION = YES;
				GCC_WARN_ABOUT_RETURN_TYPE = YES_ERROR;
				GCC_WARN_UNDECLARED_SELECTOR = YES;
				GCC_WARN_UNINITIALIZED_AUTOS = YES_AGGRESSIVE;
				GCC_WARN_UNUSED_FUNCTION = YES;
				GCC_WARN_UNUSED_VARIABLE = YES;
				IPHONEOS_DEPLOYMENT_TARGET = 9.2;
				MTL_ENABLE_DEBUG_INFO = NO;
				SDKROOT = iphoneos;
				VALIDATE_PRODUCT = YES;
			};
			name = Release;
		};
		DB8E3F211C82FE0900D8B014 /* Debug */ = {
			isa = XCBuildConfiguration;
			buildSettings = {
				ASSETCATALOG_COMPILER_APPICON_NAME = AppIcon;
				INFOPLIST_FILE = SnapchatClone/Info.plist;
				LD_RUNPATH_SEARCH_PATHS = "$(inherited) @executable_path/Frameworks";
				PRODUCT_BUNDLE_IDENTIFIER = com.gobu.SnapchatClone;
				PRODUCT_NAME = "$(TARGET_NAME)";
			};
			name = Debug;
		};
		DB8E3F221C82FE0900D8B014 /* Release */ = {
			isa = XCBuildConfiguration;
			buildSettings = {
				ASSETCATALOG_COMPILER_APPICON_NAME = AppIcon;
				INFOPLIST_FILE = SnapchatClone/Info.plist;
				LD_RUNPATH_SEARCH_PATHS = "$(inherited) @executable_path/Frameworks";
				PRODUCT_BUNDLE_IDENTIFIER = com.gobu.SnapchatClone;
				PRODUCT_NAME = "$(TARGET_NAME)";
			};
			name = Release;
		};
/* End XCBuildConfiguration section */

/* Begin XCConfigurationList section */
		DB8E3F091C82FE0800D8B014 /* Build configuration list for PBXProject "SnapchatClone" */ = {
			isa = XCConfigurationList;
			buildConfigurations = (
				DB8E3F1E1C82FE0900D8B014 /* Debug */,
				DB8E3F1F1C82FE0900D8B014 /* Release */,
			);
			defaultConfigurationIsVisible = 0;
			defaultConfigurationName = Release;
		};
		DB8E3F201C82FE0900D8B014 /* Build configuration list for PBXNativeTarget "SnapchatClone" */ = {
			isa = XCConfigurationList;
			buildConfigurations = (
				DB8E3F211C82FE0900D8B014 /* Debug */,
				DB8E3F221C82FE0900D8B014 /* Release */,
			);
			defaultConfigurationIsVisible = 0;
		};
/* End XCConfigurationList section */
	};
	rootObject = DB8E3F061C82FE0800D8B014 /* Project object */;
}
