// !$*UTF8*$!
{
	archiveVersion = 1;
	classes = {
	};
	objectVersion = 46;
	objects = {

/* Begin PBXBuildFile section */
		DB6ED7CF1C8E1842003F4A41 /* AppDelegate.swift in Sources */ = {isa = PBXBuildFile; fileRef = DB6ED7CE1C8E1842003F4A41 /* AppDelegate.swift */; };
		DB6ED7D11C8E1842003F4A41 /* ViewController.swift in Sources */ = {isa = PBXBuildFile; fileRef = DB6ED7D01C8E1842003F4A41 /* ViewController.swift */; };
		DB6ED7D41C8E1842003F4A41 /* Main.storyboard in Resources */ = {isa = PBXBuildFile; fileRef = DB6ED7D21C8E1842003F4A41 /* Main.storyboard */; };
		DB6ED7D61C8E1842003F4A41 /* Assets.xcassets in Resources */ = {isa = PBXBuildFile; fileRef = DB6ED7D51C8E1842003F4A41 /* Assets.xcassets */; };
		DB6ED7D91C8E1842003F4A41 /* LaunchScreen.storyboard in Resources */ = {isa = PBXBuildFile; fileRef = DB6ED7D71C8E1842003F4A41 /* LaunchScreen.storyboard */; };
		DB6ED7E11C8E1C5A003F4A41 /* ViewControllerMenu.swift in Sources */ = {isa = PBXBuildFile; fileRef = DB6ED7E01C8E1C5A003F4A41 /* ViewControllerMenu.swift */; };
		DB6ED7E31C8E1E38003F4A41 /* TumblrPostCell.swift in Sources */ = {isa = PBXBuildFile; fileRef = DB6ED7E21C8E1E38003F4A41 /* TumblrPostCell.swift */; };
/* End PBXBuildFile section */

/* Begin PBXFileReference section */
		DB6ED7CB1C8E1842003F4A41 /* TumblrMenu.app */ = {isa = PBXFileReference; explicitFileType = wrapper.application; includeInIndex = 0; path = TumblrMenu.app; sourceTree = BUILT_PRODUCTS_DIR; };
		DB6ED7CE1C8E1842003F4A41 /* AppDelegate.swift */ = {isa = PBXFileReference; lastKnownFileType = sourcecode.swift; path = AppDelegate.swift; sourceTree = "<group>"; };
		DB6ED7D01C8E1842003F4A41 /* ViewController.swift */ = {isa = PBXFileReference; lastKnownFileType = sourcecode.swift; path = ViewController.swift; sourceTree = "<group>"; };
		DB6ED7D31C8E1842003F4A41 /* Base */ = {isa = PBXFileReference; lastKnownFileType = file.storyboard; name = Base; path = Base.lproj/Main.storyboard; sourceTree = "<group>"; };
		DB6ED7D51C8E1842003F4A41 /* Assets.xcassets */ = {isa = PBXFileReference; lastKnownFileType = folder.assetcatalog; path = Assets.xcassets; sourceTree = "<group>"; };
		DB6ED7D81C8E1842003F4A41 /* Base */ = {isa = PBXFileReference; lastKnownFileType = file.storyboard; name = Base; path = Base.lproj/LaunchScreen.storyboard; sourceTree = "<group>"; };
		DB6ED7DA1C8E1842003F4A41 /* Info.plist */ = {isa = PBXFileReference; lastKnownFileType = text.plist.xml; path = Info.plist; sourceTree = "<group>"; };
		DB6ED7E01C8E1C5A003F4A41 /* ViewControllerMenu.swift */ = {isa = PBXFileReference; fileEncoding = 4; lastKnownFileType = sourcecode.swift; path = ViewControllerMenu.swift; sourceTree = "<group>"; };
		DB6ED7E21C8E1E38003F4A41 /* TumblrPostCell.swift */ = {isa = PBXFileReference; fileEncoding = 4; lastKnownFileType = sourcecode.swift; path = TumblrPostCell.swift; sourceTree = "<group>"; };
/* End PBXFileReference section */

/* Begin PBXFrameworksBuildPhase section */
		DB6ED7C81C8E1842003F4A41 /* Frameworks */ = {
			isa = PBXFrameworksBuildPhase;
			buildActionMask = 2147483647;
			files = (
			);
			runOnlyForDeploymentPostprocessing = 0;
		};
/* End PBXFrameworksBuildPhase section */

/* Begin PBXGroup section */
		DB6ED7C21C8E1842003F4A41 = {
			isa = PBXGroup;
			children = (
				DB6ED7CD1C8E1842003F4A41 /* TumblrMenu */,
				DB6ED7CC1C8E1842003F4A41 /* Products */,
			);
			sourceTree = "<group>";
		};
		DB6ED7CC1C8E1842003F4A41 /* Products */ = {
			isa = PBXGroup;
			children = (
				DB6ED7CB1C8E1842003F4A41 /* TumblrMenu.app */,
			);
			name = Products;
			sourceTree = "<group>";
		};
		DB6ED7CD1C8E1842003F4A41 /* TumblrMenu */ = {
			isa = PBXGroup;
			children = (
				DB6ED7CE1C8E1842003F4A41 /* AppDelegate.swift */,
				DB6ED7D01C8E1842003F4A41 /* ViewController.swift */,
				DB6ED7D21C8E1842003F4A41 /* Main.storyboard */,
				DB6ED7E21C8E1E38003F4A41 /* TumblrPostCell.swift */,
				DB6ED7E01C8E1C5A003F4A41 /* ViewControllerMenu.swift */,
				DB6ED7D51C8E1842003F4A41 /* Assets.xcassets */,
				DB6ED7D71C8E1842003F4A41 /* LaunchScreen.storyboard */,
				DB6ED7DA1C8E1842003F4A41 /* Info.plist */,
			);
			path = TumblrMenu;
			sourceTree = "<group>";
		};
/* End PBXGroup section */

/* Begin PBXNativeTarget section */
		DB6ED7CA1C8E1842003F4A41 /* TumblrMenu */ = {
			isa = PBXNativeTarget;
			buildConfigurationList = DB6ED7DD1C8E1842003F4A41 /* Build configuration list for PBXNativeTarget "TumblrMenu" */;
			buildPhases = (
				DB6ED7C71C8E1842003F4A41 /* Sources */,
				DB6ED7C81C8E1842003F4A41 /* Frameworks */,
				DB6ED7C91C8E1842003F4A41 /* Resources */,
			);
			buildRules = (
			);
			dependencies = (
			);
			name = TumblrMenu;
			productName = TumblrMenu;
			productReference = DB6ED7CB1C8E1842003F4A41 /* TumblrMenu.app */;
			productType = "com.apple.product-type.application";
		};
/* End PBXNativeTarget section */

/* Begin PBXProject section */
		DB6ED7C31C8E1842003F4A41 /* Project object */ = {
			isa = PBXProject;
			attributes = {
				LastSwiftUpdateCheck = 0720;
				LastUpgradeCheck = 0720;
				ORGANIZATIONNAME = "Edouard Jamin";
				TargetAttributes = {
					DB6ED7CA1C8E1842003F4A41 = {
						CreatedOnToolsVersion = 7.2.1;
						DevelopmentTeam = 8Y6CBMCLSD;
					};
				};
			};
			buildConfigurationList = DB6ED7C61C8E1842003F4A41 /* Build configuration list for PBXProject "TumblrMenu" */;
			compatibilityVersion = "Xcode 3.2";
			developmentRegion = English;
			hasScannedForEncodings = 0;
			knownRegions = (
				en,
				Base,
			);
			mainGroup = DB6ED7C21C8E1842003F4A41;
			productRefGroup = DB6ED7CC1C8E1842003F4A41 /* Products */;
			projectDirPath = "";
			projectRoot = "";
			targets = (
				DB6ED7CA1C8E1842003F4A41 /* TumblrMenu */,
			);
		};
/* End PBXProject section */

/* Begin PBXResourcesBuildPhase section */
		DB6ED7C91C8E1842003F4A41 /* Resources */ = {
			isa = PBXResourcesBuildPhase;
			buildActionMask = 2147483647;
			files = (
				DB6ED7D91C8E1842003F4A41 /* LaunchScreen.storyboard in Resources */,
				DB6ED7D61C8E1842003F4A41 /* Assets.xcassets in Resources */,
				DB6ED7D41C8E1842003F4A41 /* Main.storyboard in Resources */,
			);
			runOnlyForDeploymentPostprocessing = 0;
		};
/* End PBXResourcesBuildPhase section */

/* Begin PBXSourcesBuildPhase section */
		DB6ED7C71C8E1842003F4A41 /* Sources */ = {
			isa = PBXSourcesBuildPhase;
			buildActionMask = 2147483647;
			files = (
				DB6ED7E11C8E1C5A003F4A41 /* ViewControllerMenu.swift in Sources */,
				DB6ED7D11C8E1842003F4A41 /* ViewController.swift in Sources */,
				DB6ED7CF1C8E1842003F4A41 /* AppDelegate.swift in Sources */,
				DB6ED7E31C8E1E38003F4A41 /* TumblrPostCell.swift in Sources */,
			);
			runOnlyForDeploymentPostprocessing = 0;
		};
/* End PBXSourcesBuildPhase section */

/* Begin PBXVariantGroup section */
		DB6ED7D21C8E1842003F4A41 /* Main.storyboard */ = {
			isa = PBXVariantGroup;
			children = (
				DB6ED7D31C8E1842003F4A41 /* Base */,
			);
			name = Main.storyboard;
			sourceTree = "<group>";
		};
		DB6ED7D71C8E1842003F4A41 /* LaunchScreen.storyboard */ = {
			isa = PBXVariantGroup;
			children = (
				DB6ED7D81C8E1842003F4A41 /* Base */,
			);
			name = LaunchScreen.storyboard;
			sourceTree = "<group>";
		};
/* End PBXVariantGroup section */

/* Begin XCBuildConfiguration section */
		DB6ED7DB1C8E1842003F4A41 /* Debug */ = {
			isa = XCBuildConfiguration;
			buildSettings = {
				ALWAYS_SEARCH_USER_PATHS = NO;
				CLANG_CXX_LANGUAGE_STANDARD = "gnu++0x";
				CLANG_CXX_LIBRARY = "libc++";
				CLANG_ENABLE_MODULES = YES;
				CLANG_ENABLE_OBJC_ARC = YES;
				CLANG_WARN_BOOL_CONVERSION = YES;
				CLANG_WARN_CONSTANT_CONVERSION = YES;
				CLANG_WARN_DIRECT_OBJC_ISA_USAGE = YES_ERROR;
				CLANG_WARN_EMPTY_BODY = YES;
				CLANG_WARN_ENUM_CONVERSION = YES;
				CLANG_WARN_INT_CONVERSION = YES;
				CLANG_WARN_OBJC_ROOT_CLASS = YES_ERROR;
				CLANG_WARN_UNREACHABLE_CODE = YES;
				CLANG_WARN__DUPLICATE_METHOD_MATCH = YES;
				"CODE_SIGN_IDENTITY[sdk=iphoneos*]" = "iPhone Developer";
				COPY_PHASE_STRIP = NO;
				DEBUG_INFORMATION_FORMAT = dwarf;
				ENABLE_STRICT_OBJC_MSGSEND = YES;
				ENABLE_TESTABILITY = YES;
				GCC_C_LANGUAGE_STANDARD = gnu99;
				GCC_DYNAMIC_NO_PIC = NO;
				GCC_NO_COMMON_BLOCKS = YES;
				GCC_OPTIMIZATION_LEVEL = 0;
				GCC_PREPROCESSOR_DEFINITIONS = (
					"DEBUG=1",
					"$(inherited)",
				);
				GCC_WARN_64_TO_32_BIT_CONVERSION = YES;
				GCC_WARN_ABOUT_RETURN_TYPE = YES_ERROR;
				GCC_WARN_UNDECLARED_SELECTOR = YES;
				GCC_WARN_UNINITIALIZED_AUTOS = YES_AGGRESSIVE;
				GCC_WARN_UNUSED_FUNCTION = YES;
				GCC_WARN_UNUSED_VARIABLE = YES;
				IPHONEOS_DEPLOYMENT_TARGET = 9.2;
				MTL_ENABLE_DEBUG_INFO = YES;
				ONLY_ACTIVE_ARCH = YES;
				SDKROOT = iphoneos;
				SWIFT_OPTIMIZATION_LEVEL = "-Onone";
			};
			name = Debug;
		};
		DB6ED7DC1C8E1842003F4A41 /* Release */ = {
			isa = XCBuildConfiguration;
			buildSettings = {
				ALWAYS_SEARCH_USER_PATHS = NO;
				CLANG_CXX_LANGUAGE_STANDARD = "gnu++0x";
				CLANG_CXX_LIBRARY = "libc++";
				CLANG_ENABLE_MODULES = YES;
				CLANG_ENABLE_OBJC_ARC = YES;
				CLANG_WARN_BOOL_CONVERSION = YES;
				CLANG_WARN_CONSTANT_CONVERSION = YES;
				CLANG_WARN_DIRECT_OBJC_ISA_USAGE = YES_ERROR;
				CLANG_WARN_EMPTY_BODY = YES;
				CLANG_WARN_ENUM_CONVERSION = YES;
				CLANG_WARN_INT_CONVERSION = YES;
				CLANG_WARN_OBJC_ROOT_CLASS = YES_ERROR;
				CLANG_WARN_UNREACHABLE_CODE = YES;
				CLANG_WARN__DUPLICATE_METHOD_MATCH = YES;
				"CODE_SIGN_IDENTITY[sdk=iphoneos*]" = "iPhone Developer";
				COPY_PHASE_STRIP = NO;
				DEBUG_INFORMATION_FORMAT = "dwarf-with-dsym";
				ENABLE_NS_ASSERTIONS = NO;
				ENABLE_STRICT_OBJC_MSGSEND = YES;
				GCC_C_LANGUAGE_STANDARD = gnu99;
				GCC_NO_COMMON_BLOCKS = YES;
				GCC_WARN_64_TO_32_BIT_CONVERSION = YES;
				GCC_WARN_ABOUT_RETURN_TYPE = YES_ERROR;
				GCC_WARN_UNDECLARED_SELECTOR = YES;
				GCC_WARN_UNINITIALIZED_AUTOS = YES_AGGRESSIVE;
				GCC_WARN_UNUSED_FUNCTION = YES;
				GCC_WARN_UNUSED_VARIABLE = YES;
				IPHONEOS_DEPLOYMENT_TARGET = 9.2;
				MTL_ENABLE_DEBUG_INFO = NO;
				SDKROOT = iphoneos;
				VALIDATE_PRODUCT = YES;
			};
			name = Release;
		};
		DB6ED7DE1C8E1842003F4A41 /* Debug */ = {
			isa = XCBuildConfiguration;
			buildSettings = {
				ASSETCATALOG_COMPILER_APPICON_NAME = AppIcon;
				INFOPLIST_FILE = TumblrMenu/Info.plist;
				LD_RUNPATH_SEARCH_PATHS = "$(inherited) @executable_path/Frameworks";
				PRODUCT_BUNDLE_IDENTIFIER = com.gobu.TumblrMenu;
				PRODUCT_NAME = "$(TARGET_NAME)";
			};
			name = Debug;
		};
		DB6ED7DF1C8E1842003F4A41 /* Release */ = {
			isa = XCBuildConfiguration;
			buildSettings = {
				ASSETCATALOG_COMPILER_APPICON_NAME = AppIcon;
				INFOPLIST_FILE = TumblrMenu/Info.plist;
				LD_RUNPATH_SEARCH_PATHS = "$(inherited) @executable_path/Frameworks";
				PRODUCT_BUNDLE_IDENTIFIER = com.gobu.TumblrMenu;
				PRODUCT_NAME = "$(TARGET_NAME)";
			};
			name = Release;
		};
/* End XCBuildConfiguration section */

/* Begin XCConfigurationList section */
		DB6ED7C61C8E1842003F4A41 /* Build configuration list for PBXProject "TumblrMenu" */ = {
			isa = XCConfigurationList;
			buildConfigurations = (
				DB6ED7DB1C8E1842003F4A41 /* Debug */,
				DB6ED7DC1C8E1842003F4A41 /* Release */,
			);
			defaultConfigurationIsVisible = 0;
			defaultConfigurationName = Release;
		};
		DB6ED7DD1C8E1842003F4A41 /* Build configuration list for PBXNativeTarget "TumblrMenu" */ = {
			isa = XCConfigurationList;
			buildConfigurations = (
				DB6ED7DE1C8E1842003F4A41 /* Debug */,
				DB6ED7DF1C8E1842003F4A41 /* Release */,
			);
			defaultConfigurationIsVisible = 0;
			defaultConfigurationName = Release;
		};
/* End XCConfigurationList section */
	};
	rootObject = DB6ED7C31C8E1842003F4A41 /* Project object */;
}
